
Microsoft Visual Studio Solution File, Format Version 12.00
# Visual Studio Express 2012 for Windows Desktop
Project("{FAE04EC0-301F-11D3-BF4B-00C04F79EFBC}") = "BIIING", "BIIING\BIIING.csproj", "{153F8446-7CD4-4A58-BCB6-9D40D6B8206B}"
EndProject
Global
	GlobalSection(SolutionConfigurationPlatforms) = preSolution
		Debug|x86 = Debug|x86
		Release|x86 = Release|x86
	EndGlobalSection
	GlobalSection(ProjectConfigurationPlatforms) = postSolution
		{153F8446-7CD4-4A58-BCB6-9D40D6B8206B}.Debug|x86.ActiveCfg = Debug|x86
		{153F8446-7CD4-4A58-BCB6-9D40D6B8206B}.Debug|x86.Build.0 = Debug|x86
		{153F8446-7CD4-4A58-BCB6-9D40D6B8206B}.Release|x86.ActiveCfg = Release|x86
		{153F8446-7CD4-4A58-BCB6-9D40D6B8206B}.Release|x86.Build.0 = Release|x86
	EndGlobalSection
	GlobalSection(SolutionProperties) = preSolution
		HideSolutionNode = FALSE
	EndGlobalSection
EndGlobal
